
Microsoft Visual Studio Solution File, Format Version 12.00
# Visual Studio Version 17
VisualStudioVersion = 17.0.31903.59
MinimumVisualStudioVersion = 10.0.40219.1
Project("{FAE04EC0-301F-11D3-BF4B-00C04F79EFBC}") = "TurntableGames", "src\TurntableGames\TurntableGames.csproj", "{C9B08BA1-0C75-EF1D-524A-FA0B9A38439F}"
EndProject
Project("{2150E333-8FDC-42A3-9474-1A3956D46DE8}") = "src", "src", "{02EA681E-C7D8-13C7-8484-4AC65E1B71E8}"
EndProject
Project("{2150E333-8FDC-42A3-9474-1A3956D46DE8}") = "src-core", "src-core", "{48150843-20D7-4CB6-985C-0D03A5292002}"
EndProject
Project("{FAE04EC0-301F-11D3-BF4B-00C04F79EFBC}") = "Core", "src-modules\Core\src\Core\Core.csproj", "{9948FE46-6966-710C-9E82-97E0F01CB111}"
EndProject
Project("{FAE04EC0-301F-11D3-BF4B-00C04F79EFBC}") = "Core.App", "src-modules\Core\src\Core.App\Core.App.csproj", "{54C4599F-A583-3E7E-5145-F0A78E332A3F}"
EndProject
Project("{FAE04EC0-301F-11D3-BF4B-00C04F79EFBC}") = "Core.Blazor", "src-modules\Core\src\Core.Blazor\Core.Blazor.csproj", "{48D4FBB5-8EA6-C617-51AD-2E00DF564844}"
EndProject
Project("{FAE04EC0-301F-11D3-BF4B-00C04F79EFBC}") = "Core.Web", "src-modules\Core\src\Core.Web\Core.Web.csproj", "{56915FAB-BF64-AA89-9A29-0B6DBD75A0C0}"
EndProject
Project("{FAE04EC0-301F-11D3-BF4B-00C04F79EFBC}") = "TurntableGames.WebApp", "src\TurntableGames.WebApp\TurntableGames.WebApp.csproj", "{F09E241B-E9B8-4C4B-AA09-7FF0B430C800}"
EndProject
Project("{FAE04EC0-301F-11D3-BF4B-00C04F79EFBC}") = "TurntableGames.App", "src\TurntableGames.App\TurntableGames.App.csproj", "{2B450641-7DBC-4980-B67C-3CA39A8102DF}"
EndProject
Global
	GlobalSection(SolutionConfigurationPlatforms) = preSolution
		Debug|Any CPU = Debug|Any CPU
		Release|Any CPU = Release|Any CPU
	EndGlobalSection
	GlobalSection(ProjectConfigurationPlatforms) = postSolution
		{C9B08BA1-0C75-EF1D-524A-FA0B9A38439F}.Debug|Any CPU.ActiveCfg = Debug|Any CPU
		{C9B08BA1-0C75-EF1D-524A-FA0B9A38439F}.Debug|Any CPU.Build.0 = Debug|Any CPU
		{C9B08BA1-0C75-EF1D-524A-FA0B9A38439F}.Release|Any CPU.ActiveCfg = Release|Any CPU
		{C9B08BA1-0C75-EF1D-524A-FA0B9A38439F}.Release|Any CPU.Build.0 = Release|Any CPU
		{9948FE46-6966-710C-9E82-97E0F01CB111}.Debug|Any CPU.ActiveCfg = Debug|Any CPU
		{9948FE46-6966-710C-9E82-97E0F01CB111}.Debug|Any CPU.Build.0 = Debug|Any CPU
		{9948FE46-6966-710C-9E82-97E0F01CB111}.Release|Any CPU.ActiveCfg = Release|Any CPU
		{9948FE46-6966-710C-9E82-97E0F01CB111}.Release|Any CPU.Build.0 = Release|Any CPU
		{54C4599F-A583-3E7E-5145-F0A78E332A3F}.Debug|Any CPU.ActiveCfg = Debug|Any CPU
		{54C4599F-A583-3E7E-5145-F0A78E332A3F}.Debug|Any CPU.Build.0 = Debug|Any CPU
		{54C4599F-A583-3E7E-5145-F0A78E332A3F}.Release|Any CPU.ActiveCfg = Release|Any CPU
		{54C4599F-A583-3E7E-5145-F0A78E332A3F}.Release|Any CPU.Build.0 = Release|Any CPU
		{48D4FBB5-8EA6-C617-51AD-2E00DF564844}.Debug|Any CPU.ActiveCfg = Debug|Any CPU
		{48D4FBB5-8EA6-C617-51AD-2E00DF564844}.Debug|Any CPU.Build.0 = Debug|Any CPU
		{48D4FBB5-8EA6-C617-51AD-2E00DF564844}.Release|Any CPU.ActiveCfg = Release|Any CPU
		{48D4FBB5-8EA6-C617-51AD-2E00DF564844}.Release|Any CPU.Build.0 = Release|Any CPU
		{56915FAB-BF64-AA89-9A29-0B6DBD75A0C0}.Debug|Any CPU.ActiveCfg = Debug|Any CPU
		{56915FAB-BF64-AA89-9A29-0B6DBD75A0C0}.Debug|Any CPU.Build.0 = Debug|Any CPU
		{56915FAB-BF64-AA89-9A29-0B6DBD75A0C0}.Release|Any CPU.ActiveCfg = Release|Any CPU
		{56915FAB-BF64-AA89-9A29-0B6DBD75A0C0}.Release|Any CPU.Build.0 = Release|Any CPU
		{F09E241B-E9B8-4C4B-AA09-7FF0B430C800}.Debug|Any CPU.ActiveCfg = Debug|Any CPU
		{F09E241B-E9B8-4C4B-AA09-7FF0B430C800}.Debug|Any CPU.Build.0 = Debug|Any CPU
		{F09E241B-E9B8-4C4B-AA09-7FF0B430C800}.Release|Any CPU.ActiveCfg = Release|Any CPU
		{F09E241B-E9B8-4C4B-AA09-7FF0B430C800}.Release|Any CPU.Build.0 = Release|Any CPU
		{2B450641-7DBC-4980-B67C-3CA39A8102DF}.Debug|Any CPU.ActiveCfg = Debug|Any CPU
		{2B450641-7DBC-4980-B67C-3CA39A8102DF}.Debug|Any CPU.Build.0 = Debug|Any CPU
		{2B450641-7DBC-4980-B67C-3CA39A8102DF}.Release|Any CPU.ActiveCfg = Release|Any CPU
		{2B450641-7DBC-4980-B67C-3CA39A8102DF}.Release|Any CPU.Build.0 = Release|Any CPU
	EndGlobalSection
	GlobalSection(SolutionProperties) = preSolution
		HideSolutionNode = FALSE
	EndGlobalSection
	GlobalSection(NestedProjects) = preSolution
		{C9B08BA1-0C75-EF1D-524A-FA0B9A38439F} = {02EA681E-C7D8-13C7-8484-4AC65E1B71E8}
		{9948FE46-6966-710C-9E82-97E0F01CB111} = {48150843-20D7-4CB6-985C-0D03A5292002}
		{54C4599F-A583-3E7E-5145-F0A78E332A3F} = {48150843-20D7-4CB6-985C-0D03A5292002}
		{48D4FBB5-8EA6-C617-51AD-2E00DF564844} = {48150843-20D7-4CB6-985C-0D03A5292002}
		{56915FAB-BF64-AA89-9A29-0B6DBD75A0C0} = {48150843-20D7-4CB6-985C-0D03A5292002}
		{F09E241B-E9B8-4C4B-AA09-7FF0B430C800} = {02EA681E-C7D8-13C7-8484-4AC65E1B71E8}
		{2B450641-7DBC-4980-B67C-3CA39A8102DF} = {02EA681E-C7D8-13C7-8484-4AC65E1B71E8}
	EndGlobalSection
	GlobalSection(ExtensibilityGlobals) = postSolution
		SolutionGuid = {BB4F7F21-B340-4CB9-BC99-3A870470D604}
	EndGlobalSection
EndGlobal
